
Microsoft Visual Studio Solution File, Format Version 12.00
# Visual Studio Version 17
VisualStudioVersion = 17.3.32819.101
MinimumVisualStudioVersion = 10.0.40219.1
Project("{9A19103F-16F7-4668-BE54-9A1E7A4F7556}") = "Tandem Diabetes BE challenge", "Tandem Diabetes BE challenge.csproj", "{097AA7A2-08DE-475D-BFB9-4ED6C770E8B9}"
EndProject
Project("{9A19103F-16F7-4668-BE54-9A1E7A4F7556}") = "TestProject", "..\TestProject\TestProject.csproj", "{CA380FA6-5886-47E5-9606-CC6F72E8F541}"
EndProject
Global
	GlobalSection(SolutionConfigurationPlatforms) = preSolution
		Debug|Any CPU = Debug|Any CPU
		Release|Any CPU = Release|Any CPU
	EndGlobalSection
	GlobalSection(ProjectConfigurationPlatforms) = postSolution
		{097AA7A2-08DE-475D-BFB9-4ED6C770E8B9}.Debug|Any CPU.ActiveCfg = Debug|Any CPU
		{097AA7A2-08DE-475D-BFB9-4ED6C770E8B9}.Debug|Any CPU.Build.0 = Debug|Any CPU
		{097AA7A2-08DE-475D-BFB9-4ED6C770E8B9}.Release|Any CPU.ActiveCfg = Release|Any CPU
		{097AA7A2-08DE-475D-BFB9-4ED6C770E8B9}.Release|Any CPU.Build.0 = Release|Any CPU
		{CA380FA6-5886-47E5-9606-CC6F72E8F541}.Debug|Any CPU.ActiveCfg = Debug|Any CPU
		{CA380FA6-5886-47E5-9606-CC6F72E8F541}.Debug|Any CPU.Build.0 = Debug|Any CPU
		{CA380FA6-5886-47E5-9606-CC6F72E8F541}.Release|Any CPU.ActiveCfg = Release|Any CPU
		{CA380FA6-5886-47E5-9606-CC6F72E8F541}.Release|Any CPU.Build.0 = Release|Any CPU
	EndGlobalSection
	GlobalSection(SolutionProperties) = preSolution
		HideSolutionNode = FALSE
	EndGlobalSection
	GlobalSection(ExtensibilityGlobals) = postSolution
		SolutionGuid = {564F5E4A-BC1A-469F-9035-5F470FBDCC25}
	EndGlobalSection
EndGlobal
